<?xml version="1.0" encoding="utf-8"?>
<Project ToolsVersion="4.0" xmlns="http://schemas.microsoft.com/developer/msbuild/2003">
  <ItemGroup>
    <Filter Include="소스 파일">
      <UniqueIdentifier>{4FC737F1-C7A5-4376-A066-2A32D752A2FF}</UniqueIdentifier>
      <Extensions>cpp;c;cc;cxx;def;odl;idl;hpj;bat;asm;asmx</Extensions>
    </Filter>
    <Filter Include="헤더 파일">
      <UniqueIdentifier>{93995380-89BD-4b04-88EB-625FBE52EBFB}</UniqueIdentifier>
      <Extensions>h;hh;hpp;hxx;hm;inl;inc;xsd</Extensions>
    </Filter>
    <Filter Include="리소스 파일">
      <UniqueIdentifier>{67DA6AB6-F800-4c08-8B7A-83BB121AAD01}</UniqueIdentifier>
      <Extensions>rc;ico;cur;bmp;dlg;rc2;rct;bin;rgs;gif;jpg;jpeg;jpe;resx;tiff;tif;png;wav;mfcribbon-ms</Extensions>
    </Filter>
    <Filter Include="소스 파일\dserver">
      <UniqueIdentifier>{2ef3c1cd-c2d1-4bf4-b64c-8be268cd9928}</UniqueIdentifier>
    </Filter>
    <Filter Include="소스 파일\game_server">
      <UniqueIdentifier>{cbff68e3-98d6-4ff8-abea-0d37d9531936}</UniqueIdentifier>
    </Filter>
    <Filter Include="소스 파일\dserver\protocol">
      <UniqueIdentifier>{075f3d00-bca2-42ae-b3d0-0ca5f1abd4f4}</UniqueIdentifier>
    </Filter>
    <Filter Include="소스 파일\dserver\container">
      <UniqueIdentifier>{a7026cf6-64df-48a4-afc3-4badb75eee02}</UniqueIdentifier>
    </Filter>
    <Filter Include="소스 파일\dserver\logging">
      <UniqueIdentifier>{2be7e0e5-abc1-4ff7-a489-c336b8aed922}</UniqueIdentifier>
    </Filter>
    <Filter Include="소스 파일\dserver\utility">
      <UniqueIdentifier>{46ba59a2-5046-4c20-af3c-41f2aeff661c}</UniqueIdentifier>
    </Filter>
    <Filter Include="소스 파일\dserver\config">
      <UniqueIdentifier>{33773e90-9a39-414c-aaaa-ba1ebccd2b9c}</UniqueIdentifier>
    </Filter>
    <Filter Include="소스 파일\dserver\database">
      <UniqueIdentifier>{0dfea542-02d9-43c8-9dd7-c3ba2d25da6c}</UniqueIdentifier>
    </Filter>
    <Filter Include="소스 파일\dserver\database\mysql">
      <UniqueIdentifier>{ae35eedf-becb-4892-8ffc-01e287d757ae}</UniqueIdentifier>
    </Filter>
    <Filter Include="소스 파일\dserver\database\redis">
      <UniqueIdentifier>{cf3af680-8b43-42ef-8aa4-af08c0648a66}</UniqueIdentifier>
    </Filter>
    <Filter Include="소스 파일\dserver\json">
      <UniqueIdentifier>{b2e74573-0c01-4368-8cf0-f0f275dffdd9}</UniqueIdentifier>
    </Filter>
    <Filter Include="소스 파일\dserver\monitor">
      <UniqueIdentifier>{78971222-3f79-4e66-9771-4584b452b4db}</UniqueIdentifier>
    </Filter>
    <Filter Include="소스 파일\dserver\lock">
      <UniqueIdentifier>{790d38d5-f8a5-4b7b-aab6-9c7264e11133}</UniqueIdentifier>
    </Filter>
  </ItemGroup>
  <ItemGroup>
    <ClCompile Include="..\src\main.cpp">
      <Filter>소스 파일</Filter>
    </ClCompile>
    <ClCompile Include="..\src\dserver\basic_socket.cpp">
      <Filter>소스 파일\dserver</Filter>
    </ClCompile>
    <ClCompile Include="..\src\game_server\game_server.cpp">
      <Filter>소스 파일\game_server</Filter>
    </ClCompile>
    <ClCompile Include="..\src\game_server\game_protocol.cpp">
      <Filter>소스 파일\game_server</Filter>
    </ClCompile>
    <ClCompile Include="..\src\dserver\protocol\base_protocol.cpp">
      <Filter>소스 파일\dserver\protocol</Filter>
    </ClCompile>
    <ClCompile Include="..\src\dserver\logging\log_manager.cpp">
      <Filter>소스 파일\dserver\logging</Filter>
    </ClCompile>
    <ClCompile Include="..\src\dserver\config\config.cpp">
      <Filter>소스 파일\dserver\config</Filter>
    </ClCompile>
    <ClCompile Include="..\src\dserver\database\mysql\mysql_conn.cpp">
      <Filter>소스 파일\dserver\database\mysql</Filter>
    </ClCompile>
    <ClCompile Include="..\src\dserver\database\mysql\mysql_conn_pool.cpp">
      <Filter>소스 파일\dserver\database\mysql</Filter>
    </ClCompile>
    <ClCompile Include="..\src\dserver\database\mysql\mysql_example.cpp">
      <Filter>소스 파일\dserver\database\mysql</Filter>
    </ClCompile>
    <ClCompile Include="..\src\dserver\database\redis\redis.cpp">
      <Filter>소스 파일\dserver\database\redis</Filter>
    </ClCompile>
    <ClCompile Include="..\src\dserver\json\json_reader.cpp">
      <Filter>소스 파일\dserver\json</Filter>
    </ClCompile>
    <ClCompile Include="..\src\dserver\json\json_value.cpp">
      <Filter>소스 파일\dserver\json</Filter>
    </ClCompile>
    <ClCompile Include="..\src\dserver\json\json_writer.cpp">
      <Filter>소스 파일\dserver\json</Filter>
    </ClCompile>
    <ClCompile Include="..\src\dserver\monitor\system_resource_monitor.cpp">
      <Filter>소스 파일\dserver\monitor</Filter>
    </ClCompile>
  </ItemGroup>
  <ItemGroup>
    <ClInclude Include="..\src\dserver\boost.h">
      <Filter>소스 파일\dserver</Filter>
    </ClInclude>
    <ClInclude Include="..\src\dserver\define.h">
      <Filter>소스 파일\dserver</Filter>
    </ClInclude>
    <ClInclude Include="..\src\dserver\basic_socket.h">
      <Filter>소스 파일\dserver</Filter>
    </ClInclude>
    <ClInclude Include="..\src\dserver\basic_acceptor.h">
      <Filter>소스 파일\dserver</Filter>
    </ClInclude>
    <ClInclude Include="..\src\dserver\basic_service.h">
      <Filter>소스 파일\dserver</Filter>
    </ClInclude>
    <ClInclude Include="..\src\dserver\server.h">
      <Filter>소스 파일\dserver</Filter>
    </ClInclude>
    <ClInclude Include="..\src\dserver\header.h">
      <Filter>소스 파일\dserver</Filter>
    </ClInclude>
    <ClInclude Include="..\src\dserver\linear_buffer.h">
      <Filter>소스 파일\dserver</Filter>
    </ClInclude>
    <ClInclude Include="..\src\game_server\game_socket.h">
      <Filter>소스 파일\game_server</Filter>
    </ClInclude>
    <ClInclude Include="..\src\game_server\game_protocol.h">
      <Filter>소스 파일\game_server</Filter>
    </ClInclude>
    <ClInclude Include="..\src\game_server\game_protocol_define.h">
      <Filter>소스 파일\game_server</Filter>
    </ClInclude>
    <ClInclude Include="..\src\game_server\game_server.h">
      <Filter>소스 파일\game_server</Filter>
    </ClInclude>
    <ClInclude Include="..\src\dserver\object_pool.h">
      <Filter>소스 파일\dserver</Filter>
    </ClInclude>
    <ClInclude Include="..\src\dserver\protocol\base_protocol.h">
      <Filter>소스 파일\dserver\protocol</Filter>
    </ClInclude>
    <ClInclude Include="..\src\dserver\container\thread_safe_queue.h">
      <Filter>소스 파일\dserver\container</Filter>
    </ClInclude>
    <ClInclude Include="..\src\dserver\logging\log_manager.h">
      <Filter>소스 파일\dserver\logging</Filter>
    </ClInclude>
    <ClInclude Include="..\src\dserver\logging\log_message.h">
      <Filter>소스 파일\dserver\logging</Filter>
    </ClInclude>
    <ClInclude Include="..\src\dserver\logging\log_define.h">
      <Filter>소스 파일\dserver\logging</Filter>
    </ClInclude>
    <ClInclude Include="..\src\dserver\utility\util.h">
      <Filter>소스 파일\dserver\utility</Filter>
    </ClInclude>
    <ClInclude Include="..\src\dserver\config\config.h">
      <Filter>소스 파일\dserver\config</Filter>
    </ClInclude>
    <ClInclude Include="..\src\dserver\database\mysql\mysql_conn.h">
      <Filter>소스 파일\dserver\database\mysql</Filter>
    </ClInclude>
    <ClInclude Include="..\src\dserver\database\mysql\mysql_conn_pool.h">
      <Filter>소스 파일\dserver\database\mysql</Filter>
    </ClInclude>
    <ClInclude Include="..\src\dserver\database\redis\redis.h">
      <Filter>소스 파일\dserver\database\redis</Filter>
    </ClInclude>
    <ClInclude Include="..\src\dserver\database.h">
      <Filter>소스 파일\dserver</Filter>
    </ClInclude>
    <ClInclude Include="..\src\dserver\json\config.h">
      <Filter>소스 파일\dserver\json</Filter>
    </ClInclude>
    <ClInclude Include="..\src\dserver\json\features.h">
      <Filter>소스 파일\dserver\json</Filter>
    </ClInclude>
    <ClInclude Include="..\src\dserver\json\forwards.h">
      <Filter>소스 파일\dserver\json</Filter>
    </ClInclude>
    <ClInclude Include="..\src\dserver\json\json.h">
      <Filter>소스 파일\dserver\json</Filter>
    </ClInclude>
    <ClInclude Include="..\src\dserver\json\json_tool.h">
      <Filter>소스 파일\dserver\json</Filter>
    </ClInclude>
    <ClInclude Include="..\src\dserver\json\reader.h">
      <Filter>소스 파일\dserver\json</Filter>
    </ClInclude>
    <ClInclude Include="..\src\dserver\json\value.h">
      <Filter>소스 파일\dserver\json</Filter>
    </ClInclude>
    <ClInclude Include="..\src\dserver\json\version.h">
      <Filter>소스 파일\dserver\json</Filter>
    </ClInclude>
    <ClInclude Include="..\src\dserver\json\writer.h">
      <Filter>소스 파일\dserver\json</Filter>
    </ClInclude>
    <ClInclude Include="..\src\dserver\json\allocator.h">
      <Filter>소스 파일\dserver\json</Filter>
    </ClInclude>
    <ClInclude Include="..\src\dserver\json\assertions.h">
      <Filter>소스 파일\dserver\json</Filter>
    </ClInclude>
    <ClInclude Include="..\src\dserver\json\autolink.h">
      <Filter>소스 파일\dserver\json</Filter>
    </ClInclude>
    <ClInclude Include="..\src\dserver\monitor\system_resource_monitor.h">
      <Filter>소스 파일\dserver\monitor</Filter>
    </ClInclude>
    <ClInclude Include="..\src\dserver\lock\custom_lock.h">
      <Filter>소스 파일\dserver\lock</Filter>
    </ClInclude>
    <ClInclude Include="..\src\dserver\packet.h">
      <Filter>소스 파일\dserver</Filter>
    </ClInclude>
  </ItemGroup>
  <ItemGroup>
    <None Include="..\src\dserver\json\json_valueiterator.inl">
      <Filter>소스 파일\dserver\json</Filter>
    </None>
  </ItemGroup>
</Project>