
Microsoft Visual Studio Solution File, Format Version 12.00
# Visual Studio 14
VisualStudioVersion = 14.0.25420.1
MinimumVisualStudioVersion = 10.0.40219.1
Project("{8BC9CEB8-8B4A-11D0-8D11-00A0C91BC942}") = "DNetwork", "DNetwork\DNetwork.vcxproj", "{C7B964AC-C56E-4DC2-9275-2AF2FF33C677}"
EndProject
Project("{8BC9CEB8-8B4A-11D0-8D11-00A0C91BC942}") = "DUtil", "DUtil\DUtil.vcxproj", "{257A56D3-6007-423C-8472-BB3AF3B158EE}"
EndProject
Project("{8BC9CEB8-8B4A-11D0-8D11-00A0C91BC942}") = "GameServer", "GameServer\GameServer.vcxproj", "{8319B31D-16FB-4E94-B7D4-618575EC5F97}"
EndProject
Project("{8BC9CEB8-8B4A-11D0-8D11-00A0C91BC942}") = "BridgeServer", "BridgeServer\BridgeServer.vcxproj", "{EFF7CBFF-CD2E-4A36-97A7-7F2975DAC675}"
EndProject
Project("{2150E333-8FDC-42A3-9474-1A3956D46DE8}") = "Library", "Library", "{2C4A014C-1363-4659-976B-D9847D105EBD}"
EndProject
Project("{2150E333-8FDC-42A3-9474-1A3956D46DE8}") = "Server", "Server", "{75652FF4-DDF5-46A0-BEFE-94E038939686}"
EndProject
Global
	GlobalSection(SolutionConfigurationPlatforms) = preSolution
		Debug|x64 = Debug|x64
		Release|x64 = Release|x64
	EndGlobalSection
	GlobalSection(ProjectConfigurationPlatforms) = postSolution
		{C7B964AC-C56E-4DC2-9275-2AF2FF33C677}.Debug|x64.ActiveCfg = Debug|x64
		{C7B964AC-C56E-4DC2-9275-2AF2FF33C677}.Debug|x64.Build.0 = Debug|x64
		{C7B964AC-C56E-4DC2-9275-2AF2FF33C677}.Release|x64.ActiveCfg = Release|x64
		{C7B964AC-C56E-4DC2-9275-2AF2FF33C677}.Release|x64.Build.0 = Release|x64
		{257A56D3-6007-423C-8472-BB3AF3B158EE}.Debug|x64.ActiveCfg = Debug|x64
		{257A56D3-6007-423C-8472-BB3AF3B158EE}.Debug|x64.Build.0 = Debug|x64
		{257A56D3-6007-423C-8472-BB3AF3B158EE}.Release|x64.ActiveCfg = Release|x64
		{257A56D3-6007-423C-8472-BB3AF3B158EE}.Release|x64.Build.0 = Release|x64
		{8319B31D-16FB-4E94-B7D4-618575EC5F97}.Debug|x64.ActiveCfg = Debug|x64
		{8319B31D-16FB-4E94-B7D4-618575EC5F97}.Debug|x64.Build.0 = Debug|x64
		{8319B31D-16FB-4E94-B7D4-618575EC5F97}.Release|x64.ActiveCfg = Release|x64
		{8319B31D-16FB-4E94-B7D4-618575EC5F97}.Release|x64.Build.0 = Release|x64
		{EFF7CBFF-CD2E-4A36-97A7-7F2975DAC675}.Debug|x64.ActiveCfg = Debug|x64
		{EFF7CBFF-CD2E-4A36-97A7-7F2975DAC675}.Debug|x64.Build.0 = Debug|x64
		{EFF7CBFF-CD2E-4A36-97A7-7F2975DAC675}.Release|x64.ActiveCfg = Release|x64
		{EFF7CBFF-CD2E-4A36-97A7-7F2975DAC675}.Release|x64.Build.0 = Release|x64
	EndGlobalSection
	GlobalSection(SolutionProperties) = preSolution
		HideSolutionNode = FALSE
	EndGlobalSection
	GlobalSection(NestedProjects) = preSolution
		{C7B964AC-C56E-4DC2-9275-2AF2FF33C677} = {2C4A014C-1363-4659-976B-D9847D105EBD}
		{257A56D3-6007-423C-8472-BB3AF3B158EE} = {2C4A014C-1363-4659-976B-D9847D105EBD}
		{8319B31D-16FB-4E94-B7D4-618575EC5F97} = {75652FF4-DDF5-46A0-BEFE-94E038939686}
		{EFF7CBFF-CD2E-4A36-97A7-7F2975DAC675} = {75652FF4-DDF5-46A0-BEFE-94E038939686}
	EndGlobalSection
EndGlobal
