
Microsoft Visual Studio Solution File, Format Version 12.00
# Visual Studio 14
VisualStudioVersion = 14.0.25420.1
MinimumVisualStudioVersion = 10.0.40219.1
Project("{8BC9CEB8-8B4A-11D0-8D11-00A0C91BC942}") = "DNetwork", "DNetwork\DNetwork.vcxproj", "{C7B964AC-C56E-4DC2-9275-2AF2FF33C677}"
	ProjectSection(ProjectDependencies) = postProject
		{257A56D3-6007-423C-8472-BB3AF3B158EE} = {257A56D3-6007-423C-8472-BB3AF3B158EE}
	EndProjectSection
EndProject
Project("{8BC9CEB8-8B4A-11D0-8D11-00A0C91BC942}") = "DUtil", "DUtil\DUtil.vcxproj", "{257A56D3-6007-423C-8472-BB3AF3B158EE}"
	ProjectSection(ProjectDependencies) = postProject
		{1E6C2C1C-6453-4129-AE3F-0EE8E6599C89} = {1E6C2C1C-6453-4129-AE3F-0EE8E6599C89}
		{8D6BB292-9E1C-413D-9F98-4864BDC1514A} = {8D6BB292-9E1C-413D-9F98-4864BDC1514A}
	EndProjectSection
EndProject
Project("{8BC9CEB8-8B4A-11D0-8D11-00A0C91BC942}") = "GameServer", "GameServer\GameServer.vcxproj", "{8319B31D-16FB-4E94-B7D4-618575EC5F97}"
	ProjectSection(ProjectDependencies) = postProject
		{C7B964AC-C56E-4DC2-9275-2AF2FF33C677} = {C7B964AC-C56E-4DC2-9275-2AF2FF33C677}
		{F674CDAC-4572-45F0-A8D1-F698FA0F4382} = {F674CDAC-4572-45F0-A8D1-F698FA0F4382}
	EndProjectSection
EndProject
Project("{8BC9CEB8-8B4A-11D0-8D11-00A0C91BC942}") = "BridgeServer", "BridgeServer\BridgeServer.vcxproj", "{EFF7CBFF-CD2E-4A36-97A7-7F2975DAC675}"
	ProjectSection(ProjectDependencies) = postProject
		{C7B964AC-C56E-4DC2-9275-2AF2FF33C677} = {C7B964AC-C56E-4DC2-9275-2AF2FF33C677}
		{F674CDAC-4572-45F0-A8D1-F698FA0F4382} = {F674CDAC-4572-45F0-A8D1-F698FA0F4382}
	EndProjectSection
EndProject
Project("{2150E333-8FDC-42A3-9474-1A3956D46DE8}") = "Library", "Library", "{2C4A014C-1363-4659-976B-D9847D105EBD}"
EndProject
Project("{2150E333-8FDC-42A3-9474-1A3956D46DE8}") = "Server", "Server", "{75652FF4-DDF5-46A0-BEFE-94E038939686}"
EndProject
Project("{2150E333-8FDC-42A3-9474-1A3956D46DE8}") = "Protocol", "Protocol", "{73FEB918-FDCD-41FD-A79B-D0AC06C1DE1F}"
EndProject
Project("{8BC9CEB8-8B4A-11D0-8D11-00A0C91BC942}") = "Protocol", "Protocol\Protocol.vcxproj", "{F674CDAC-4572-45F0-A8D1-F698FA0F4382}"
EndProject
Project("{2150E333-8FDC-42A3-9474-1A3956D46DE8}") = "ExternalLibrary", "ExternalLibrary", "{651074FE-98A8-4EC1-B71B-DCA543F74067}"
EndProject
Project("{8BC9CEB8-8B4A-11D0-8D11-00A0C91BC942}") = "jemalloc", "..\external_library\jemalloc\msvc\projects\vc2015\jemalloc\jemalloc.vcxproj", "{8D6BB292-9E1C-413D-9F98-4864BDC1514A}"
EndProject
Project("{8BC9CEB8-8B4A-11D0-8D11-00A0C91BC942}") = "lib_json", "..\external_library\projects\lib_json.vcxproj", "{1E6C2C1C-6453-4129-AE3F-0EE8E6599C89}"
EndProject
Project("{8BC9CEB8-8B4A-11D0-8D11-00A0C91BC942}") = "cpp_redis", "..\external_library\projects\cpp_redis.vcxproj", "{8D6B2E0B-45B0-40CB-AF6B-B917F136EB01}"
EndProject
Global
	GlobalSection(SolutionConfigurationPlatforms) = preSolution
		Debug|x64 = Debug|x64
		Debug|x86 = Debug|x86
		Debug-static|x64 = Debug-static|x64
		Debug-static|x86 = Debug-static|x86
		Release|x64 = Release|x64
		Release|x86 = Release|x86
		Release-static|x64 = Release-static|x64
		Release-static|x86 = Release-static|x86
	EndGlobalSection
	GlobalSection(ProjectConfigurationPlatforms) = postSolution
		{C7B964AC-C56E-4DC2-9275-2AF2FF33C677}.Debug|x64.ActiveCfg = Debug|x64
		{C7B964AC-C56E-4DC2-9275-2AF2FF33C677}.Debug|x64.Build.0 = Debug|x64
		{C7B964AC-C56E-4DC2-9275-2AF2FF33C677}.Debug|x86.ActiveCfg = Debug|x64
		{C7B964AC-C56E-4DC2-9275-2AF2FF33C677}.Debug-static|x64.ActiveCfg = Debug|x64
		{C7B964AC-C56E-4DC2-9275-2AF2FF33C677}.Debug-static|x64.Build.0 = Debug|x64
		{C7B964AC-C56E-4DC2-9275-2AF2FF33C677}.Debug-static|x86.ActiveCfg = Release|x64
		{C7B964AC-C56E-4DC2-9275-2AF2FF33C677}.Debug-static|x86.Build.0 = Release|x64
		{C7B964AC-C56E-4DC2-9275-2AF2FF33C677}.Release|x64.ActiveCfg = Release|x64
		{C7B964AC-C56E-4DC2-9275-2AF2FF33C677}.Release|x64.Build.0 = Release|x64
		{C7B964AC-C56E-4DC2-9275-2AF2FF33C677}.Release|x86.ActiveCfg = Release|x64
		{C7B964AC-C56E-4DC2-9275-2AF2FF33C677}.Release-static|x64.ActiveCfg = Release|x64
		{C7B964AC-C56E-4DC2-9275-2AF2FF33C677}.Release-static|x64.Build.0 = Release|x64
		{C7B964AC-C56E-4DC2-9275-2AF2FF33C677}.Release-static|x86.ActiveCfg = Release|x64
		{C7B964AC-C56E-4DC2-9275-2AF2FF33C677}.Release-static|x86.Build.0 = Release|x64
		{257A56D3-6007-423C-8472-BB3AF3B158EE}.Debug|x64.ActiveCfg = Debug|x64
		{257A56D3-6007-423C-8472-BB3AF3B158EE}.Debug|x64.Build.0 = Debug|x64
		{257A56D3-6007-423C-8472-BB3AF3B158EE}.Debug|x86.ActiveCfg = Debug|x64
		{257A56D3-6007-423C-8472-BB3AF3B158EE}.Debug-static|x64.ActiveCfg = Debug|x64
		{257A56D3-6007-423C-8472-BB3AF3B158EE}.Debug-static|x64.Build.0 = Debug|x64
		{257A56D3-6007-423C-8472-BB3AF3B158EE}.Debug-static|x86.ActiveCfg = Release|x64
		{257A56D3-6007-423C-8472-BB3AF3B158EE}.Debug-static|x86.Build.0 = Release|x64
		{257A56D3-6007-423C-8472-BB3AF3B158EE}.Release|x64.ActiveCfg = Release|x64
		{257A56D3-6007-423C-8472-BB3AF3B158EE}.Release|x64.Build.0 = Release|x64
		{257A56D3-6007-423C-8472-BB3AF3B158EE}.Release|x86.ActiveCfg = Release|x64
		{257A56D3-6007-423C-8472-BB3AF3B158EE}.Release-static|x64.ActiveCfg = Release|x64
		{257A56D3-6007-423C-8472-BB3AF3B158EE}.Release-static|x64.Build.0 = Release|x64
		{257A56D3-6007-423C-8472-BB3AF3B158EE}.Release-static|x86.ActiveCfg = Release|x64
		{257A56D3-6007-423C-8472-BB3AF3B158EE}.Release-static|x86.Build.0 = Release|x64
		{8319B31D-16FB-4E94-B7D4-618575EC5F97}.Debug|x64.ActiveCfg = Debug|x64
		{8319B31D-16FB-4E94-B7D4-618575EC5F97}.Debug|x64.Build.0 = Debug|x64
		{8319B31D-16FB-4E94-B7D4-618575EC5F97}.Debug|x86.ActiveCfg = Debug|x64
		{8319B31D-16FB-4E94-B7D4-618575EC5F97}.Debug-static|x64.ActiveCfg = Debug|x64
		{8319B31D-16FB-4E94-B7D4-618575EC5F97}.Debug-static|x64.Build.0 = Debug|x64
		{8319B31D-16FB-4E94-B7D4-618575EC5F97}.Debug-static|x86.ActiveCfg = Release|x64
		{8319B31D-16FB-4E94-B7D4-618575EC5F97}.Debug-static|x86.Build.0 = Release|x64
		{8319B31D-16FB-4E94-B7D4-618575EC5F97}.Release|x64.ActiveCfg = Release|x64
		{8319B31D-16FB-4E94-B7D4-618575EC5F97}.Release|x64.Build.0 = Release|x64
		{8319B31D-16FB-4E94-B7D4-618575EC5F97}.Release|x86.ActiveCfg = Release|x64
		{8319B31D-16FB-4E94-B7D4-618575EC5F97}.Release-static|x64.ActiveCfg = Release|x64
		{8319B31D-16FB-4E94-B7D4-618575EC5F97}.Release-static|x64.Build.0 = Release|x64
		{8319B31D-16FB-4E94-B7D4-618575EC5F97}.Release-static|x86.ActiveCfg = Release|x64
		{8319B31D-16FB-4E94-B7D4-618575EC5F97}.Release-static|x86.Build.0 = Release|x64
		{EFF7CBFF-CD2E-4A36-97A7-7F2975DAC675}.Debug|x64.ActiveCfg = Debug|x64
		{EFF7CBFF-CD2E-4A36-97A7-7F2975DAC675}.Debug|x64.Build.0 = Debug|x64
		{EFF7CBFF-CD2E-4A36-97A7-7F2975DAC675}.Debug|x86.ActiveCfg = Debug|Win32
		{EFF7CBFF-CD2E-4A36-97A7-7F2975DAC675}.Debug|x86.Build.0 = Debug|Win32
		{EFF7CBFF-CD2E-4A36-97A7-7F2975DAC675}.Debug-static|x64.ActiveCfg = Debug|x64
		{EFF7CBFF-CD2E-4A36-97A7-7F2975DAC675}.Debug-static|x64.Build.0 = Debug|x64
		{EFF7CBFF-CD2E-4A36-97A7-7F2975DAC675}.Debug-static|x86.ActiveCfg = Debug|Win32
		{EFF7CBFF-CD2E-4A36-97A7-7F2975DAC675}.Debug-static|x86.Build.0 = Debug|Win32
		{EFF7CBFF-CD2E-4A36-97A7-7F2975DAC675}.Release|x64.ActiveCfg = Release|x64
		{EFF7CBFF-CD2E-4A36-97A7-7F2975DAC675}.Release|x64.Build.0 = Release|x64
		{EFF7CBFF-CD2E-4A36-97A7-7F2975DAC675}.Release|x86.ActiveCfg = Release|Win32
		{EFF7CBFF-CD2E-4A36-97A7-7F2975DAC675}.Release|x86.Build.0 = Release|Win32
		{EFF7CBFF-CD2E-4A36-97A7-7F2975DAC675}.Release-static|x64.ActiveCfg = Release|x64
		{EFF7CBFF-CD2E-4A36-97A7-7F2975DAC675}.Release-static|x64.Build.0 = Release|x64
		{EFF7CBFF-CD2E-4A36-97A7-7F2975DAC675}.Release-static|x86.ActiveCfg = Release|Win32
		{EFF7CBFF-CD2E-4A36-97A7-7F2975DAC675}.Release-static|x86.Build.0 = Release|Win32
		{F674CDAC-4572-45F0-A8D1-F698FA0F4382}.Debug|x64.ActiveCfg = Debug|x64
		{F674CDAC-4572-45F0-A8D1-F698FA0F4382}.Debug|x64.Build.0 = Debug|x64
		{F674CDAC-4572-45F0-A8D1-F698FA0F4382}.Debug|x86.ActiveCfg = Debug|Win32
		{F674CDAC-4572-45F0-A8D1-F698FA0F4382}.Debug|x86.Build.0 = Debug|Win32
		{F674CDAC-4572-45F0-A8D1-F698FA0F4382}.Debug-static|x64.ActiveCfg = Debug|x64
		{F674CDAC-4572-45F0-A8D1-F698FA0F4382}.Debug-static|x64.Build.0 = Debug|x64
		{F674CDAC-4572-45F0-A8D1-F698FA0F4382}.Debug-static|x86.ActiveCfg = Debug|Win32
		{F674CDAC-4572-45F0-A8D1-F698FA0F4382}.Debug-static|x86.Build.0 = Debug|Win32
		{F674CDAC-4572-45F0-A8D1-F698FA0F4382}.Release|x64.ActiveCfg = Release|x64
		{F674CDAC-4572-45F0-A8D1-F698FA0F4382}.Release|x64.Build.0 = Release|x64
		{F674CDAC-4572-45F0-A8D1-F698FA0F4382}.Release|x86.ActiveCfg = Release|Win32
		{F674CDAC-4572-45F0-A8D1-F698FA0F4382}.Release|x86.Build.0 = Release|Win32
		{F674CDAC-4572-45F0-A8D1-F698FA0F4382}.Release-static|x64.ActiveCfg = Release|x64
		{F674CDAC-4572-45F0-A8D1-F698FA0F4382}.Release-static|x64.Build.0 = Release|x64
		{F674CDAC-4572-45F0-A8D1-F698FA0F4382}.Release-static|x86.ActiveCfg = Release|Win32
		{F674CDAC-4572-45F0-A8D1-F698FA0F4382}.Release-static|x86.Build.0 = Release|Win32
		{8D6BB292-9E1C-413D-9F98-4864BDC1514A}.Debug|x64.ActiveCfg = Debug|x64
		{8D6BB292-9E1C-413D-9F98-4864BDC1514A}.Debug|x64.Build.0 = Debug|x64
		{8D6BB292-9E1C-413D-9F98-4864BDC1514A}.Debug|x86.ActiveCfg = Debug|Win32
		{8D6BB292-9E1C-413D-9F98-4864BDC1514A}.Debug|x86.Build.0 = Debug|Win32
		{8D6BB292-9E1C-413D-9F98-4864BDC1514A}.Debug-static|x64.ActiveCfg = Debug-static|x64
		{8D6BB292-9E1C-413D-9F98-4864BDC1514A}.Debug-static|x64.Build.0 = Debug-static|x64
		{8D6BB292-9E1C-413D-9F98-4864BDC1514A}.Debug-static|x86.ActiveCfg = Debug-static|Win32
		{8D6BB292-9E1C-413D-9F98-4864BDC1514A}.Debug-static|x86.Build.0 = Debug-static|Win32
		{8D6BB292-9E1C-413D-9F98-4864BDC1514A}.Release|x64.ActiveCfg = Release|x64
		{8D6BB292-9E1C-413D-9F98-4864BDC1514A}.Release|x64.Build.0 = Release|x64
		{8D6BB292-9E1C-413D-9F98-4864BDC1514A}.Release|x86.ActiveCfg = Release|Win32
		{8D6BB292-9E1C-413D-9F98-4864BDC1514A}.Release|x86.Build.0 = Release|Win32
		{8D6BB292-9E1C-413D-9F98-4864BDC1514A}.Release-static|x64.ActiveCfg = Release-static|x64
		{8D6BB292-9E1C-413D-9F98-4864BDC1514A}.Release-static|x64.Build.0 = Release-static|x64
		{8D6BB292-9E1C-413D-9F98-4864BDC1514A}.Release-static|x86.ActiveCfg = Release-static|Win32
		{8D6BB292-9E1C-413D-9F98-4864BDC1514A}.Release-static|x86.Build.0 = Release-static|Win32
		{1E6C2C1C-6453-4129-AE3F-0EE8E6599C89}.Debug|x64.ActiveCfg = Debug|x64
		{1E6C2C1C-6453-4129-AE3F-0EE8E6599C89}.Debug|x64.Build.0 = Debug|x64
		{1E6C2C1C-6453-4129-AE3F-0EE8E6599C89}.Debug|x86.ActiveCfg = Debug|Win32
		{1E6C2C1C-6453-4129-AE3F-0EE8E6599C89}.Debug|x86.Build.0 = Debug|Win32
		{1E6C2C1C-6453-4129-AE3F-0EE8E6599C89}.Debug-static|x64.ActiveCfg = Debug|x64
		{1E6C2C1C-6453-4129-AE3F-0EE8E6599C89}.Debug-static|x64.Build.0 = Debug|x64
		{1E6C2C1C-6453-4129-AE3F-0EE8E6599C89}.Debug-static|x86.ActiveCfg = Debug|Win32
		{1E6C2C1C-6453-4129-AE3F-0EE8E6599C89}.Debug-static|x86.Build.0 = Debug|Win32
		{1E6C2C1C-6453-4129-AE3F-0EE8E6599C89}.Release|x64.ActiveCfg = Release|x64
		{1E6C2C1C-6453-4129-AE3F-0EE8E6599C89}.Release|x64.Build.0 = Release|x64
		{1E6C2C1C-6453-4129-AE3F-0EE8E6599C89}.Release|x86.ActiveCfg = Release|Win32
		{1E6C2C1C-6453-4129-AE3F-0EE8E6599C89}.Release|x86.Build.0 = Release|Win32
		{1E6C2C1C-6453-4129-AE3F-0EE8E6599C89}.Release-static|x64.ActiveCfg = Release|x64
		{1E6C2C1C-6453-4129-AE3F-0EE8E6599C89}.Release-static|x64.Build.0 = Release|x64
		{1E6C2C1C-6453-4129-AE3F-0EE8E6599C89}.Release-static|x86.ActiveCfg = Release|Win32
		{1E6C2C1C-6453-4129-AE3F-0EE8E6599C89}.Release-static|x86.Build.0 = Release|Win32
		{8D6B2E0B-45B0-40CB-AF6B-B917F136EB01}.Debug|x64.ActiveCfg = Debug|x64
		{8D6B2E0B-45B0-40CB-AF6B-B917F136EB01}.Debug|x64.Build.0 = Debug|x64
		{8D6B2E0B-45B0-40CB-AF6B-B917F136EB01}.Debug|x86.ActiveCfg = Debug|Win32
		{8D6B2E0B-45B0-40CB-AF6B-B917F136EB01}.Debug|x86.Build.0 = Debug|Win32
		{8D6B2E0B-45B0-40CB-AF6B-B917F136EB01}.Debug-static|x64.ActiveCfg = Debug|x64
		{8D6B2E0B-45B0-40CB-AF6B-B917F136EB01}.Debug-static|x64.Build.0 = Debug|x64
		{8D6B2E0B-45B0-40CB-AF6B-B917F136EB01}.Debug-static|x86.ActiveCfg = Debug|Win32
		{8D6B2E0B-45B0-40CB-AF6B-B917F136EB01}.Debug-static|x86.Build.0 = Debug|Win32
		{8D6B2E0B-45B0-40CB-AF6B-B917F136EB01}.Release|x64.ActiveCfg = Release|x64
		{8D6B2E0B-45B0-40CB-AF6B-B917F136EB01}.Release|x64.Build.0 = Release|x64
		{8D6B2E0B-45B0-40CB-AF6B-B917F136EB01}.Release|x86.ActiveCfg = Release|Win32
		{8D6B2E0B-45B0-40CB-AF6B-B917F136EB01}.Release|x86.Build.0 = Release|Win32
		{8D6B2E0B-45B0-40CB-AF6B-B917F136EB01}.Release-static|x64.ActiveCfg = Release|x64
		{8D6B2E0B-45B0-40CB-AF6B-B917F136EB01}.Release-static|x64.Build.0 = Release|x64
		{8D6B2E0B-45B0-40CB-AF6B-B917F136EB01}.Release-static|x86.ActiveCfg = Release|Win32
		{8D6B2E0B-45B0-40CB-AF6B-B917F136EB01}.Release-static|x86.Build.0 = Release|Win32
	EndGlobalSection
	GlobalSection(SolutionProperties) = preSolution
		HideSolutionNode = FALSE
	EndGlobalSection
	GlobalSection(NestedProjects) = preSolution
		{C7B964AC-C56E-4DC2-9275-2AF2FF33C677} = {2C4A014C-1363-4659-976B-D9847D105EBD}
		{257A56D3-6007-423C-8472-BB3AF3B158EE} = {2C4A014C-1363-4659-976B-D9847D105EBD}
		{8319B31D-16FB-4E94-B7D4-618575EC5F97} = {75652FF4-DDF5-46A0-BEFE-94E038939686}
		{EFF7CBFF-CD2E-4A36-97A7-7F2975DAC675} = {75652FF4-DDF5-46A0-BEFE-94E038939686}
		{F674CDAC-4572-45F0-A8D1-F698FA0F4382} = {73FEB918-FDCD-41FD-A79B-D0AC06C1DE1F}
		{8D6BB292-9E1C-413D-9F98-4864BDC1514A} = {651074FE-98A8-4EC1-B71B-DCA543F74067}
		{1E6C2C1C-6453-4129-AE3F-0EE8E6599C89} = {651074FE-98A8-4EC1-B71B-DCA543F74067}
		{8D6B2E0B-45B0-40CB-AF6B-B917F136EB01} = {651074FE-98A8-4EC1-B71B-DCA543F74067}
	EndGlobalSection
EndGlobal
